
Microsoft Visual Studio Solution File, Format Version 12.00
# Visual Studio Version 16
VisualStudioVersion = 16.0.30804.86
MinimumVisualStudioVersion = 10.0.40219.1
Project("{9A19103F-16F7-4668-BE54-9A1E7A4F7556}") = "KrebsCycleQueuesSimulation", "KrebsCycleQueuesSimulation.csproj", "{2CDC5104-FBEE-459F-879F-853FF003710D}"
EndProject
Global
	GlobalSection(SolutionConfigurationPlatforms) = preSolution
		Debug|Any CPU = Debug|Any CPU
		Release|Any CPU = Release|Any CPU
	EndGlobalSection
	GlobalSection(ProjectConfigurationPlatforms) = postSolution
		{2CDC5104-FBEE-459F-879F-853FF003710D}.Debug|Any CPU.ActiveCfg = Debug|Any CPU
		{2CDC5104-FBEE-459F-879F-853FF003710D}.Debug|Any CPU.Build.0 = Debug|Any CPU
		{2CDC5104-FBEE-459F-879F-853FF003710D}.Release|Any CPU.ActiveCfg = Release|Any CPU
		{2CDC5104-FBEE-459F-879F-853FF003710D}.Release|Any CPU.Build.0 = Release|Any CPU
	EndGlobalSection
	GlobalSection(SolutionProperties) = preSolution
		HideSolutionNode = FALSE
	EndGlobalSection
	GlobalSection(ExtensibilityGlobals) = postSolution
		SolutionGuid = {1A8A6485-3827-447A-AE34-11A8BF25850A}
	EndGlobalSection
EndGlobal
